{
  "nodes": {
    "flakeNimbleLib": {
      "inputs": {
        "nixpkgs": [
          "nixpkgs"
        ]
      },
      "locked": {
        "lastModified": 1662018438,
        "narHash": "sha256-QtNtU6+LX3Wokxf0zlFwKTFOcn6TeDjKQZ+DA9OYtvM=",
        "owner": "riinr",
        "repo": "nim-flakes-lib",
        "rev": "b1fe8340736e3a85d25c709ac3dfd82a55c03cbf",
        "type": "github"
      },
      "original": {
        "owner": "riinr",
        "ref": "master",
        "repo": "nim-flakes-lib",
        "type": "github"
      }
    },
    "nixpkgs": {
      "locked": {
        "lastModified": 1667199707,
        "narHash": "sha256-I2Js3Y7gUyVSEXPULHlBoRek4Lh85vnevdS6mdvDNLI=",
        "owner": "NixOS",
        "repo": "nixpkgs",
        "rev": "ced197be72099edcfa68ebed8b87af7b04851f45",
        "type": "github"
      },
      "original": {
        "id": "nixpkgs",
        "type": "indirect"
      }
    },
    "root": {
      "inputs": {
        "flakeNimbleLib": "flakeNimbleLib",
        "nixpkgs": "nixpkgs",
        "termstyle-master": "termstyle-master"
      }
    },
    "src-termstyle-master": {
      "flake": false,
      "locked": {
        "lastModified": 1569147881,
        "narHash": "sha256-PuvUfjskKI5IA4cAOQ6RugHrVyFit1ihGr4vIDymiLI=",
        "owner": "PMunch",
        "repo": "termstyle",
        "rev": "eefd9f17071df2b8c13e18537cd799acd7f41501",
        "type": "github"
      },
      "original": {
        "owner": "PMunch",
        "ref": "refs/heads/master",
        "repo": "termstyle",
        "type": "github"
      }
    },
    "termstyle-master": {
      "inputs": {
        "flakeNimbleLib": [
          "flakeNimbleLib"
        ],
        "nixpkgs": [
          "nixpkgs"
        ],
        "src-termstyle-master": "src-termstyle-master"
      },
      "locked": {
        "dir": "master",
        "lastModified": 1667322732,
        "narHash": "sha256-ubxGIL/MjQfsprwnseT9V1YKu3jSOIlQtRI+xt/F5uY=",
        "owner": "nim-nix-pkgs",
        "repo": "termstyle",
        "rev": "450317bf5ab64ac3f61747c96551ec227439d051",
        "type": "github"
      },
      "original": {
        "dir": "master",
        "owner": "nim-nix-pkgs",
        "ref": "master",
        "repo": "termstyle",
        "type": "github"
      }
    }
  },
  "root": "root",
  "version": 7
}
